
Microsoft Visual Studio Solution File, Format Version 12.00
# Visual Studio Version 17
VisualStudioVersion = 17.4.33213.308
MinimumVisualStudioVersion = 10.0.40219.1
Project("{FAE04EC0-301F-11D3-BF4B-00C04F79EFBC}") = "Task2", "Task2\Task2.csproj", "{B49AC03B-A1B3-407F-B554-C251A616F8DF}"
EndProject
Global
	GlobalSection(SolutionConfigurationPlatforms) = preSolution
		Debug|Any CPU = Debug|Any CPU
		Release|Any CPU = Release|Any CPU
	EndGlobalSection
	GlobalSection(ProjectConfigurationPlatforms) = postSolution
		{B49AC03B-A1B3-407F-B554-C251A616F8DF}.Debug|Any CPU.ActiveCfg = Debug|Any CPU
		{B49AC03B-A1B3-407F-B554-C251A616F8DF}.Debug|Any CPU.Build.0 = Debug|Any CPU
		{B49AC03B-A1B3-407F-B554-C251A616F8DF}.Release|Any CPU.ActiveCfg = Release|Any CPU
		{B49AC03B-A1B3-407F-B554-C251A616F8DF}.Release|Any CPU.Build.0 = Release|Any CPU
	EndGlobalSection
	GlobalSection(SolutionProperties) = preSolution
		HideSolutionNode = FALSE
	EndGlobalSection
	GlobalSection(ExtensibilityGlobals) = postSolution
		SolutionGuid = {D4F844CE-9A12-4D1A-A175-4018D1491D66}
	EndGlobalSection
EndGlobal
